// !$*UTF8*$!
{
	archiveVersion = 1;
	classes = {
	};
	objectVersion = 46;
	objects = {

/* Begin PBXBuildFile section */
		9654588C1C1860A40005BC63 /* AppDelegate.swift in Sources */ = {isa = PBXBuildFile; fileRef = 9654588B1C1860A40005BC63 /* AppDelegate.swift */; };
		9654588E1C1860A40005BC63 /* ViewController.swift in Sources */ = {isa = PBXBuildFile; fileRef = 9654588D1C1860A40005BC63 /* ViewController.swift */; };
		965458901C1860A40005BC63 /* Assets.xcassets in Resources */ = {isa = PBXBuildFile; fileRef = 9654588F1C1860A40005BC63 /* Assets.xcassets */; };
		965458931C1860A40005BC63 /* Main.storyboard in Resources */ = {isa = PBXBuildFile; fileRef = 965458911C1860A40005BC63 /* Main.storyboard */; };
/* End PBXBuildFile section */

/* Begin PBXFileReference section */
		965458881C1860A40005BC63 /* Tip Calculator Kit.app */ = {isa = PBXFileReference; explicitFileType = wrapper.application; includeInIndex = 0; path = "Tip Calculator Kit.app"; sourceTree = BUILT_PRODUCTS_DIR; };
		9654588B1C1860A40005BC63 /* AppDelegate.swift */ = {isa = PBXFileReference; lastKnownFileType = sourcecode.swift; path = AppDelegate.swift; sourceTree = "<group>"; };
		9654588D1C1860A40005BC63 /* ViewController.swift */ = {isa = PBXFileReference; lastKnownFileType = sourcecode.swift; path = ViewController.swift; sourceTree = "<group>"; };
		9654588F1C1860A40005BC63 /* Assets.xcassets */ = {isa = PBXFileReference; lastKnownFileType = folder.assetcatalog; path = Assets.xcassets; sourceTree = "<group>"; };
		965458921C1860A40005BC63 /* Base */ = {isa = PBXFileReference; lastKnownFileType = file.storyboard; name = Base; path = Base.lproj/Main.storyboard; sourceTree = "<group>"; };
		965458941C1860A40005BC63 /* Info.plist */ = {isa = PBXFileReference; lastKnownFileType = text.plist.xml; path = Info.plist; sourceTree = "<group>"; };
/* End PBXFileReference section */

/* Begin PBXFrameworksBuildPhase section */
		965458851C1860A40005BC63 /* Frameworks */ = {
			isa = PBXFrameworksBuildPhase;
			buildActionMask = 2147483647;
			files = (
			);
			runOnlyForDeploymentPostprocessing = 0;
		};
/* End PBXFrameworksBuildPhase section */

/* Begin PBXGroup section */
		9654587F1C1860A40005BC63 = {
			isa = PBXGroup;
			children = (
				9654588A1C1860A40005BC63 /* Tip Calculator Kit */,
				965458891C1860A40005BC63 /* Products */,
			);
			sourceTree = "<group>";
		};
		965458891C1860A40005BC63 /* Products */ = {
			isa = PBXGroup;
			children = (
				965458881C1860A40005BC63 /* Tip Calculator Kit.app */,
			);
			name = Products;
			sourceTree = "<group>";
		};
		9654588A1C1860A40005BC63 /* Tip Calculator Kit */ = {
			isa = PBXGroup;
			children = (
				9654588B1C1860A40005BC63 /* AppDelegate.swift */,
				9654588D1C1860A40005BC63 /* ViewController.swift */,
				9654588F1C1860A40005BC63 /* Assets.xcassets */,
				965458911C1860A40005BC63 /* Main.storyboard */,
				965458941C1860A40005BC63 /* Info.plist */,
			);
			path = "Tip Calculator Kit";
			sourceTree = "<group>";
		};
/* End PBXGroup section */

/* Begin PBXNativeTarget section */
		965458871C1860A40005BC63 /* Tip Calculator Kit */ = {
			isa = PBXNativeTarget;
			buildConfigurationList = 965458971C1860A40005BC63 /* Build configuration list for PBXNativeTarget "Tip Calculator Kit" */;
			buildPhases = (
				965458841C1860A40005BC63 /* Sources */,
				965458851C1860A40005BC63 /* Frameworks */,
				965458861C1860A40005BC63 /* Resources */,
			);
			buildRules = (
			);
			dependencies = (
			);
			name = "Tip Calculator Kit";
			productName = "Tip Calculator Kit";
			productReference = 965458881C1860A40005BC63 /* Tip Calculator Kit.app */;
			productType = "com.apple.product-type.application";
		};
/* End PBXNativeTarget section */

/* Begin PBXProject section */
		965458801C1860A40005BC63 /* Project object */ = {
			isa = PBXProject;
			attributes = {
				LastSwiftUpdateCheck = 0720;
				LastUpgradeCheck = 0720;
				ORGANIZATIONNAME = "AkilDev LLC";
				TargetAttributes = {
					965458871C1860A40005BC63 = {
						CreatedOnToolsVersion = 7.2;
					};
				};
			};
			buildConfigurationList = 965458831C1860A40005BC63 /* Build configuration list for PBXProject "Tip Calculator Kit" */;
			compatibilityVersion = "Xcode 3.2";
			developmentRegion = English;
			hasScannedForEncodings = 0;
			knownRegions = (
				en,
				Base,
			);
			mainGroup = 9654587F1C1860A40005BC63;
			productRefGroup = 965458891C1860A40005BC63 /* Products */;
			projectDirPath = "";
			projectRoot = "";
			targets = (
				965458871C1860A40005BC63 /* Tip Calculator Kit */,
			);
		};
/* End PBXProject section */

/* Begin PBXResourcesBuildPhase section */
		965458861C1860A40005BC63 /* Resources */ = {
			isa = PBXResourcesBuildPhase;
			buildActionMask = 2147483647;
			files = (
				965458901C1860A40005BC63 /* Assets.xcassets in Resources */,
				965458931C1860A40005BC63 /* Main.storyboard in Resources */,
			);
			runOnlyForDeploymentPostprocessing = 0;
		};
/* End PBXResourcesBuildPhase section */

/* Begin PBXSourcesBuildPhase section */
		965458841C1860A40005BC63 /* Sources */ = {
			isa = PBXSourcesBuildPhase;
			buildActionMask = 2147483647;
			files = (
				9654588E1C1860A40005BC63 /* ViewController.swift in Sources */,
				9654588C1C1860A40005BC63 /* AppDelegate.swift in Sources */,
			);
			runOnlyForDeploymentPostprocessing = 0;
		};
/* End PBXSourcesBuildPhase section */

/* Begin PBXVariantGroup section */
		965458911C1860A40005BC63 /* Main.storyboard */ = {
			isa = PBXVariantGroup;
			children = (
				965458921C1860A40005BC63 /* Base */,
			);
			name = Main.storyboard;
			sourceTree = "<group>";
		};
/* End PBXVariantGroup section */

/* Begin XCBuildConfiguration section */
		965458951C1860A40005BC63 /* Debug */ = {
			isa = XCBuildConfiguration;
			buildSettings = {
				ALWAYS_SEARCH_USER_PATHS = NO;
				CLANG_CXX_LANGUAGE_STANDARD = "gnu++0x";
				CLANG_CXX_LIBRARY = "libc++";
				CLANG_ENABLE_MODULES = YES;
				CLANG_ENABLE_OBJC_ARC = YES;
				CLANG_WARN_BOOL_CONVERSION = YES;
				CLANG_WARN_CONSTANT_CONVERSION = YES;
				CLANG_WARN_DIRECT_OBJC_ISA_USAGE = YES_ERROR;
				CLANG_WARN_EMPTY_BODY = YES;
				CLANG_WARN_ENUM_CONVERSION = YES;
				CLANG_WARN_INT_CONVERSION = YES;
				CLANG_WARN_OBJC_ROOT_CLASS = YES_ERROR;
				CLANG_WARN_UNREACHABLE_CODE = YES;
				CLANG_WARN__DUPLICATE_METHOD_MATCH = YES;
				CODE_SIGN_IDENTITY = "-";
				COPY_PHASE_STRIP = NO;
				DEBUG_INFORMATION_FORMAT = dwarf;
				ENABLE_STRICT_OBJC_MSGSEND = YES;
				ENABLE_TESTABILITY = YES;
				GCC_C_LANGUAGE_STANDARD = gnu99;
				GCC_DYNAMIC_NO_PIC = NO;
				GCC_NO_COMMON_BLOCKS = YES;
				GCC_OPTIMIZATION_LEVEL = 0;
				GCC_PREPROCESSOR_DEFINITIONS = (
					"DEBUG=1",
					"$(inherited)",
				);
				GCC_WARN_64_TO_32_BIT_CONVERSION = YES;
				GCC_WARN_ABOUT_RETURN_TYPE = YES_ERROR;
				GCC_WARN_UNDECLARED_SELECTOR = YES;
				GCC_WARN_UNINITIALIZED_AUTOS = YES_AGGRESSIVE;
				GCC_WARN_UNUSED_FUNCTION = YES;
				GCC_WARN_UNUSED_VARIABLE = YES;
				MACOSX_DEPLOYMENT_TARGET = 10.11;
				MTL_ENABLE_DEBUG_INFO = YES;
				ONLY_ACTIVE_ARCH = YES;
				SDKROOT = macosx;
				SWIFT_OPTIMIZATION_LEVEL = "-Onone";
			};
			name = Debug;
		};
		965458961C1860A40005BC63 /* Release */ = {
			isa = XCBuildConfiguration;
			buildSettings = {
				ALWAYS_SEARCH_USER_PATHS = NO;
				CLANG_CXX_LANGUAGE_STANDARD = "gnu++0x";
				CLANG_CXX_LIBRARY = "libc++";
				CLANG_ENABLE_MODULES = YES;
				CLANG_ENABLE_OBJC_ARC = YES;
				CLANG_WARN_BOOL_CONVERSION = YES;
				CLANG_WARN_CONSTANT_CONVERSION = YES;
				CLANG_WARN_DIRECT_OBJC_ISA_USAGE = YES_ERROR;
				CLANG_WARN_EMPTY_BODY = YES;
				CLANG_WARN_ENUM_CONVERSION = YES;
				CLANG_WARN_INT_CONVERSION = YES;
				CLANG_WARN_OBJC_ROOT_CLASS = YES_ERROR;
				CLANG_WARN_UNREACHABLE_CODE = YES;
				CLANG_WARN__DUPLICATE_METHOD_MATCH = YES;
				CODE_SIGN_IDENTITY = "-";
				COPY_PHASE_STRIP = NO;
				DEBUG_INFORMATION_FORMAT = "dwarf-with-dsym";
				ENABLE_NS_ASSERTIONS = NO;
				ENABLE_STRICT_OBJC_MSGSEND = YES;
				GCC_C_LANGUAGE_STANDARD = gnu99;
				GCC_NO_COMMON_BLOCKS = YES;
				GCC_WARN_64_TO_32_BIT_CONVERSION = YES;
				GCC_WARN_ABOUT_RETURN_TYPE = YES_ERROR;
				GCC_WARN_UNDECLARED_SELECTOR = YES;
				GCC_WARN_UNINITIALIZED_AUTOS = YES_AGGRESSIVE;
				GCC_WARN_UNUSED_FUNCTION = YES;
				GCC_WARN_UNUSED_VARIABLE = YES;
				MACOSX_DEPLOYMENT_TARGET = 10.11;
				MTL_ENABLE_DEBUG_INFO = NO;
				SDKROOT = macosx;
			};
			name = Release;
		};
		965458981C1860A40005BC63 /* Debug */ = {
			isa = XCBuildConfiguration;
			buildSettings = {
				ASSETCATALOG_COMPILER_APPICON_NAME = AppIcon;
				COMBINE_HIDPI_IMAGES = YES;
				INFOPLIST_FILE = "Tip Calculator Kit/Info.plist";
				LD_RUNPATH_SEARCH_PATHS = "$(inherited) @executable_path/../Frameworks";
				PRODUCT_BUNDLE_IDENTIFIER = "com.akildev.Tip-Calculator-Kit";
				PRODUCT_NAME = "$(TARGET_NAME)";
			};
			name = Debug;
		};
		965458991C1860A40005BC63 /* Release */ = {
			isa = XCBuildConfiguration;
			buildSettings = {
				ASSETCATALOG_COMPILER_APPICON_NAME = AppIcon;
				COMBINE_HIDPI_IMAGES = YES;
				INFOPLIST_FILE = "Tip Calculator Kit/Info.plist";
				LD_RUNPATH_SEARCH_PATHS = "$(inherited) @executable_path/../Frameworks";
				PRODUCT_BUNDLE_IDENTIFIER = "com.akildev.Tip-Calculator-Kit";
				PRODUCT_NAME = "$(TARGET_NAME)";
			};
			name = Release;
		};
/* End XCBuildConfiguration section */

/* Begin XCConfigurationList section */
		965458831C1860A40005BC63 /* Build configuration list for PBXProject "Tip Calculator Kit" */ = {
			isa = XCConfigurationList;
			buildConfigurations = (
				965458951C1860A40005BC63 /* Debug */,
				965458961C1860A40005BC63 /* Release */,
			);
			defaultConfigurationIsVisible = 0;
			defaultConfigurationName = Release;
		};
		965458971C1860A40005BC63 /* Build configuration list for PBXNativeTarget "Tip Calculator Kit" */ = {
			isa = XCConfigurationList;
			buildConfigurations = (
				965458981C1860A40005BC63 /* Debug */,
				965458991C1860A40005BC63 /* Release */,
			);
			defaultConfigurationIsVisible = 0;
		};
/* End XCConfigurationList section */
	};
	rootObject = 965458801C1860A40005BC63 /* Project object */;
}
